
Microsoft Visual Studio Solution File, Format Version 12.00
# Visual Studio Version 17
VisualStudioVersion = 17.10.35004.147
MinimumVisualStudioVersion = 10.0.40219.1
Project("{FAE04EC0-301F-11D3-BF4B-00C04F79EFBC}") = "Survey", "Survey\Survey.csproj", "{2AA01516-80B8-4AEC-A24F-B19F9D63139D}"
EndProject
Project("{FAE04EC0-301F-11D3-BF4B-00C04F79EFBC}") = "Survey.Data", "Survey.Data\Survey.Data.csproj", "{CBDB1C00-93D4-4488-8B75-CBD0C90E699A}"
EndProject
Project("{FAE04EC0-301F-11D3-BF4B-00C04F79EFBC}") = "Survey.Application", "Survey.Application\Survey.Application.csproj", "{860516FA-4CC1-43D6-963B-96C2B0A0DDE6}"
EndProject
Global
	GlobalSection(SolutionConfigurationPlatforms) = preSolution
		Debug|Any CPU = Debug|Any CPU
		Release|Any CPU = Release|Any CPU
	EndGlobalSection
	GlobalSection(ProjectConfigurationPlatforms) = postSolution
		{2AA01516-80B8-4AEC-A24F-B19F9D63139D}.Debug|Any CPU.ActiveCfg = Debug|Any CPU
		{2AA01516-80B8-4AEC-A24F-B19F9D63139D}.Debug|Any CPU.Build.0 = Debug|Any CPU
		{2AA01516-80B8-4AEC-A24F-B19F9D63139D}.Release|Any CPU.ActiveCfg = Release|Any CPU
		{2AA01516-80B8-4AEC-A24F-B19F9D63139D}.Release|Any CPU.Build.0 = Release|Any CPU
		{CBDB1C00-93D4-4488-8B75-CBD0C90E699A}.Debug|Any CPU.ActiveCfg = Debug|Any CPU
		{CBDB1C00-93D4-4488-8B75-CBD0C90E699A}.Debug|Any CPU.Build.0 = Debug|Any CPU
		{CBDB1C00-93D4-4488-8B75-CBD0C90E699A}.Release|Any CPU.ActiveCfg = Release|Any CPU
		{CBDB1C00-93D4-4488-8B75-CBD0C90E699A}.Release|Any CPU.Build.0 = Release|Any CPU
		{860516FA-4CC1-43D6-963B-96C2B0A0DDE6}.Debug|Any CPU.ActiveCfg = Debug|Any CPU
		{860516FA-4CC1-43D6-963B-96C2B0A0DDE6}.Debug|Any CPU.Build.0 = Debug|Any CPU
		{860516FA-4CC1-43D6-963B-96C2B0A0DDE6}.Release|Any CPU.ActiveCfg = Release|Any CPU
		{860516FA-4CC1-43D6-963B-96C2B0A0DDE6}.Release|Any CPU.Build.0 = Release|Any CPU
	EndGlobalSection
	GlobalSection(SolutionProperties) = preSolution
		HideSolutionNode = FALSE
	EndGlobalSection
	GlobalSection(ExtensibilityGlobals) = postSolution
		SolutionGuid = {4D2D4DA6-CA1E-400F-826A-2EC6CB657793}
	EndGlobalSection
EndGlobal
