
Microsoft Visual Studio Solution File, Format Version 12.00
# Visual Studio Version 17
VisualStudioVersion = 17.10.35004.147
MinimumVisualStudioVersion = 10.0.40219.1
Project("{9A19103F-16F7-4668-BE54-9A1E7A4F7556}") = "Survey", "Survey\Survey.csproj", "{2AA01516-80B8-4AEC-A24F-B19F9D63139D}"
EndProject
Project("{9A19103F-16F7-4668-BE54-9A1E7A4F7556}") = "Survey.Data", "Survey.Data\Survey.Data.csproj", "{CBDB1C00-93D4-4488-8B75-CBD0C90E699A}"
EndProject
Project("{9A19103F-16F7-4668-BE54-9A1E7A4F7556}") = "Survey.Application", "Survey.Application\Survey.Application.csproj", "{860516FA-4CC1-43D6-963B-96C2B0A0DDE6}"
EndProject
Project("{9A19103F-16F7-4668-BE54-9A1E7A4F7556}") = "Survey.Model", "Survey.Model\Survey.Model.csproj", "{D574E87D-E805-4C8B-9338-C17ACE46CD2C}"
EndProject
Project("{9A19103F-16F7-4668-BE54-9A1E7A4F7556}") = "DataHelper", "DataHelper\DataHelper.csproj", "{EF7ECF82-8B05-442B-BF14-359823398DF8}"
EndProject
Global
	GlobalSection(SolutionConfigurationPlatforms) = preSolution
		Debug|Any CPU = Debug|Any CPU
		Release|Any CPU = Release|Any CPU
	EndGlobalSection
	GlobalSection(ProjectConfigurationPlatforms) = postSolution
		{2AA01516-80B8-4AEC-A24F-B19F9D63139D}.Debug|Any CPU.ActiveCfg = Debug|Any CPU
		{2AA01516-80B8-4AEC-A24F-B19F9D63139D}.Debug|Any CPU.Build.0 = Debug|Any CPU
		{2AA01516-80B8-4AEC-A24F-B19F9D63139D}.Release|Any CPU.ActiveCfg = Release|Any CPU
		{2AA01516-80B8-4AEC-A24F-B19F9D63139D}.Release|Any CPU.Build.0 = Release|Any CPU
		{CBDB1C00-93D4-4488-8B75-CBD0C90E699A}.Debug|Any CPU.ActiveCfg = Debug|Any CPU
		{CBDB1C00-93D4-4488-8B75-CBD0C90E699A}.Debug|Any CPU.Build.0 = Debug|Any CPU
		{CBDB1C00-93D4-4488-8B75-CBD0C90E699A}.Release|Any CPU.ActiveCfg = Release|Any CPU
		{CBDB1C00-93D4-4488-8B75-CBD0C90E699A}.Release|Any CPU.Build.0 = Release|Any CPU
		{860516FA-4CC1-43D6-963B-96C2B0A0DDE6}.Debug|Any CPU.ActiveCfg = Debug|Any CPU
		{860516FA-4CC1-43D6-963B-96C2B0A0DDE6}.Debug|Any CPU.Build.0 = Debug|Any CPU
		{860516FA-4CC1-43D6-963B-96C2B0A0DDE6}.Release|Any CPU.ActiveCfg = Release|Any CPU
		{860516FA-4CC1-43D6-963B-96C2B0A0DDE6}.Release|Any CPU.Build.0 = Release|Any CPU
		{D574E87D-E805-4C8B-9338-C17ACE46CD2C}.Debug|Any CPU.ActiveCfg = Debug|Any CPU
		{D574E87D-E805-4C8B-9338-C17ACE46CD2C}.Debug|Any CPU.Build.0 = Debug|Any CPU
		{D574E87D-E805-4C8B-9338-C17ACE46CD2C}.Release|Any CPU.ActiveCfg = Release|Any CPU
		{D574E87D-E805-4C8B-9338-C17ACE46CD2C}.Release|Any CPU.Build.0 = Release|Any CPU
		{EF7ECF82-8B05-442B-BF14-359823398DF8}.Debug|Any CPU.ActiveCfg = Debug|Any CPU
		{EF7ECF82-8B05-442B-BF14-359823398DF8}.Debug|Any CPU.Build.0 = Debug|Any CPU
		{EF7ECF82-8B05-442B-BF14-359823398DF8}.Release|Any CPU.ActiveCfg = Release|Any CPU
		{EF7ECF82-8B05-442B-BF14-359823398DF8}.Release|Any CPU.Build.0 = Release|Any CPU
	EndGlobalSection
	GlobalSection(SolutionProperties) = preSolution
		HideSolutionNode = FALSE
	EndGlobalSection
	GlobalSection(ExtensibilityGlobals) = postSolution
		SolutionGuid = {4D2D4DA6-CA1E-400F-826A-2EC6CB657793}
	EndGlobalSection
EndGlobal
